
Microsoft Visual Studio Solution File, Format Version 12.00
# Visual Studio Version 17
VisualStudioVersion = 17.5.2.0
MinimumVisualStudioVersion = 10.0.40219.1
Project("{FAE04EC0-301F-11D3-BF4B-00C04F79EFBC}") = "FanaBridge", "FanaBridge\FanaBridge.csproj", "{77D40755-B5B5-4C53-BD35-1CDEF35AF422}"
EndProject
Project("{FAE04EC0-301F-11D3-BF4B-00C04F79EFBC}") = "FanaBridge.Tests", "FanaBridge.Tests\FanaBridge.Tests.csproj", "{59946302-1B57-4599-BFF0-94607AF98C6E}"
EndProject
Project("{FAE04EC0-301F-11D3-BF4B-00C04F79EFBC}") = "FanaBridge.ItmTool", "FanaBridge.ItmTool\FanaBridge.ItmTool.csproj", "{B12CE5C5-B1E5-41ED-A67C-35EFE32BDC95}"
EndProject
Global
	GlobalSection(SolutionConfigurationPlatforms) = preSolution
		Debug|Any CPU = Debug|Any CPU
		Debug|x64 = Debug|x64
		Debug|x86 = Debug|x86
		Release|Any CPU = Release|Any CPU
		Release|x64 = Release|x64
		Release|x86 = Release|x86
	EndGlobalSection
	GlobalSection(ProjectConfigurationPlatforms) = postSolution
		{77D40755-B5B5-4C53-BD35-1CDEF35AF422}.Debug|Any CPU.ActiveCfg = Debug|Any CPU
		{77D40755-B5B5-4C53-BD35-1CDEF35AF422}.Debug|Any CPU.Build.0 = Debug|Any CPU
		{77D40755-B5B5-4C53-BD35-1CDEF35AF422}.Debug|x64.ActiveCfg = Debug|Any CPU
		{77D40755-B5B5-4C53-BD35-1CDEF35AF422}.Debug|x64.Build.0 = Debug|Any CPU
		{77D40755-B5B5-4C53-BD35-1CDEF35AF422}.Debug|x86.ActiveCfg = Debug|Any CPU
		{77D40755-B5B5-4C53-BD35-1CDEF35AF422}.Debug|x86.Build.0 = Debug|Any CPU
		{77D40755-B5B5-4C53-BD35-1CDEF35AF422}.Release|Any CPU.ActiveCfg = Release|Any CPU
		{77D40755-B5B5-4C53-BD35-1CDEF35AF422}.Release|Any CPU.Build.0 = Release|Any CPU
		{77D40755-B5B5-4C53-BD35-1CDEF35AF422}.Release|x64.ActiveCfg = Release|Any CPU
		{77D40755-B5B5-4C53-BD35-1CDEF35AF422}.Release|x64.Build.0 = Release|Any CPU
		{77D40755-B5B5-4C53-BD35-1CDEF35AF422}.Release|x86.ActiveCfg = Release|Any CPU
		{77D40755-B5B5-4C53-BD35-1CDEF35AF422}.Release|x86.Build.0 = Release|Any CPU
		{59946302-1B57-4599-BFF0-94607AF98C6E}.Debug|Any CPU.ActiveCfg = Debug|Any CPU
		{59946302-1B57-4599-BFF0-94607AF98C6E}.Debug|Any CPU.Build.0 = Debug|Any CPU
		{59946302-1B57-4599-BFF0-94607AF98C6E}.Debug|x64.ActiveCfg = Debug|Any CPU
		{59946302-1B57-4599-BFF0-94607AF98C6E}.Debug|x64.Build.0 = Debug|Any CPU
		{59946302-1B57-4599-BFF0-94607AF98C6E}.Debug|x86.ActiveCfg = Debug|Any CPU
		{59946302-1B57-4599-BFF0-94607AF98C6E}.Debug|x86.Build.0 = Debug|Any CPU
		{59946302-1B57-4599-BFF0-94607AF98C6E}.Release|Any CPU.ActiveCfg = Release|Any CPU
		{59946302-1B57-4599-BFF0-94607AF98C6E}.Release|Any CPU.Build.0 = Release|Any CPU
		{59946302-1B57-4599-BFF0-94607AF98C6E}.Release|x64.ActiveCfg = Release|Any CPU
		{59946302-1B57-4599-BFF0-94607AF98C6E}.Release|x64.Build.0 = Release|Any CPU
		{59946302-1B57-4599-BFF0-94607AF98C6E}.Release|x86.ActiveCfg = Release|Any CPU
		{59946302-1B57-4599-BFF0-94607AF98C6E}.Release|x86.Build.0 = Release|Any CPU
		{B12CE5C5-B1E5-41ED-A67C-35EFE32BDC95}.Debug|Any CPU.ActiveCfg = Debug|Any CPU
		{B12CE5C5-B1E5-41ED-A67C-35EFE32BDC95}.Debug|Any CPU.Build.0 = Debug|Any CPU
		{B12CE5C5-B1E5-41ED-A67C-35EFE32BDC95}.Debug|x64.ActiveCfg = Debug|Any CPU
		{B12CE5C5-B1E5-41ED-A67C-35EFE32BDC95}.Debug|x64.Build.0 = Debug|Any CPU
		{B12CE5C5-B1E5-41ED-A67C-35EFE32BDC95}.Debug|x86.ActiveCfg = Debug|Any CPU
		{B12CE5C5-B1E5-41ED-A67C-35EFE32BDC95}.Debug|x86.Build.0 = Debug|Any CPU
		{B12CE5C5-B1E5-41ED-A67C-35EFE32BDC95}.Release|Any CPU.ActiveCfg = Release|Any CPU
		{B12CE5C5-B1E5-41ED-A67C-35EFE32BDC95}.Release|Any CPU.Build.0 = Release|Any CPU
		{B12CE5C5-B1E5-41ED-A67C-35EFE32BDC95}.Release|x64.ActiveCfg = Release|Any CPU
		{B12CE5C5-B1E5-41ED-A67C-35EFE32BDC95}.Release|x64.Build.0 = Release|Any CPU
		{B12CE5C5-B1E5-41ED-A67C-35EFE32BDC95}.Release|x86.ActiveCfg = Release|Any CPU
		{B12CE5C5-B1E5-41ED-A67C-35EFE32BDC95}.Release|x86.Build.0 = Release|Any CPU
	EndGlobalSection
	GlobalSection(SolutionProperties) = preSolution
		HideSolutionNode = FALSE
	EndGlobalSection
	GlobalSection(ExtensibilityGlobals) = postSolution
		SolutionGuid = {7D0CE281-CB34-443A-9B08-E267DDF0BDED}
	EndGlobalSection
EndGlobal
